
Microsoft Visual Studio Solution File, Format Version 12.00
# Visual Studio Version 17
VisualStudioVersion = 17.9.34728.123
MinimumVisualStudioVersion = 10.0.40219.1
Project("{FAE04EC0-301F-11D3-BF4B-00C04F79EFBC}") = "tarea1", "tarea1\tarea1.csproj", "{FFFD905C-72EE-44B5-87D8-16BD5731D729}"
EndProject
Global
	GlobalSection(SolutionConfigurationPlatforms) = preSolution
		Debug|Any CPU = Debug|Any CPU
		Release|Any CPU = Release|Any CPU
	EndGlobalSection
	GlobalSection(ProjectConfigurationPlatforms) = postSolution
		{FFFD905C-72EE-44B5-87D8-16BD5731D729}.Debug|Any CPU.ActiveCfg = Debug|Any CPU
		{FFFD905C-72EE-44B5-87D8-16BD5731D729}.Debug|Any CPU.Build.0 = Debug|Any CPU
		{FFFD905C-72EE-44B5-87D8-16BD5731D729}.Release|Any CPU.ActiveCfg = Release|Any CPU
		{FFFD905C-72EE-44B5-87D8-16BD5731D729}.Release|Any CPU.Build.0 = Release|Any CPU
	EndGlobalSection
	GlobalSection(SolutionProperties) = preSolution
		HideSolutionNode = FALSE
	EndGlobalSection
	GlobalSection(ExtensibilityGlobals) = postSolution
		SolutionGuid = {48CBC111-3E62-46E8-9872-46BD3C3A0F59}
	EndGlobalSection
EndGlobal
